
Microsoft Visual Studio Solution File, Format Version 12.00
# Visual Studio 15
Project("{FAE04EC0-301F-11D3-BF4B-00C04F79EFBC}") = "PhotonRealtime", "PhotonRealtime.csproj", "{BC77291A-AD78-9799-F5AC-ADD5D94EAF73}"
EndProject
Project("{FAE04EC0-301F-11D3-BF4B-00C04F79EFBC}") = "PhotonUnityNetworking.Editor", "PhotonUnityNetworking.Editor.csproj", "{67042993-B933-8235-F2A2-1576D02BD637}"
EndProject
Project("{FAE04EC0-301F-11D3-BF4B-00C04F79EFBC}") = "PhotonUnityNetworking", "PhotonUnityNetworking.csproj", "{5D95FC67-40C2-8A79-8BAB-0D8A09822AE7}"
EndProject
Project("{FAE04EC0-301F-11D3-BF4B-00C04F79EFBC}") = "Assembly-CSharp", "Assembly-CSharp.csproj", "{C7D896E6-A50C-0411-4628-BAC9EFBD1824}"
EndProject
Project("{FAE04EC0-301F-11D3-BF4B-00C04F79EFBC}") = "PhotonUnityNetworking.Demos", "PhotonUnityNetworking.Demos.csproj", "{40EB8547-5CC4-4790-2185-BE9B51D88BDB}"
EndProject
Project("{FAE04EC0-301F-11D3-BF4B-00C04F79EFBC}") = "PhotonUnityNetworking.Utilities", "PhotonUnityNetworking.Utilities.csproj", "{26F7CE53-5A1E-B7C1-A9BA-F0FE9EBAA4AF}"
EndProject
Project("{FAE04EC0-301F-11D3-BF4B-00C04F79EFBC}") = "Assembly-CSharp-Editor", "Assembly-CSharp-Editor.csproj", "{4F6141FD-5E6A-5479-3F6E-BC7961452B56}"
EndProject
Project("{FAE04EC0-301F-11D3-BF4B-00C04F79EFBC}") = "PunDemos.DemoHubEditor", "PunDemos.DemoHubEditor.csproj", "{07925AB9-8E7D-81FA-E639-FA1775D72637}"
EndProject
Project("{FAE04EC0-301F-11D3-BF4B-00C04F79EFBC}") = "PunDemos.DemoSlotcarEditor", "PunDemos.DemoSlotcarEditor.csproj", "{57B5F65F-A2E9-C6A5-0184-265037FE237A}"
EndProject
Project("{FAE04EC0-301F-11D3-BF4B-00C04F79EFBC}") = "PhotonChat", "PhotonChat.csproj", "{39424218-7530-5902-6D3C-4442CA03B340}"
EndProject
Project("{FAE04EC0-301F-11D3-BF4B-00C04F79EFBC}") = "PhotonUnityNetworking.Utilities.PhotonPlayer.Editor", "PhotonUnityNetworking.Utilities.PhotonPlayer.Editor.csproj", "{9D5976CB-6F5A-DC4D-E12F-1C0305BC517F}"
EndProject
Project("{FAE04EC0-301F-11D3-BF4B-00C04F79EFBC}") = "PhotonUnityNetworking.Utilities.Culling.Editor", "PhotonUnityNetworking.Utilities.Culling.Editor.csproj", "{1A6C99E6-8D22-2097-7253-F73F0C78204A}"
EndProject
Global
	GlobalSection(SolutionConfigurationPlatforms) = preSolution
		Debug|Any CPU = Debug|Any CPU
		Release|Any CPU = Release|Any CPU
	EndGlobalSection
	GlobalSection(ProjectConfigurationPlatforms) = postSolution
		{BC77291A-AD78-9799-F5AC-ADD5D94EAF73}.Debug|Any CPU.ActiveCfg = Debug|Any CPU
		{BC77291A-AD78-9799-F5AC-ADD5D94EAF73}.Debug|Any CPU.Build.0 = Debug|Any CPU
		{BC77291A-AD78-9799-F5AC-ADD5D94EAF73}.Release|Any CPU.ActiveCfg = Release|Any CPU
		{BC77291A-AD78-9799-F5AC-ADD5D94EAF73}.Release|Any CPU.Build.0 = Release|Any CPU
		{67042993-B933-8235-F2A2-1576D02BD637}.Debug|Any CPU.ActiveCfg = Debug|Any CPU
		{67042993-B933-8235-F2A2-1576D02BD637}.Debug|Any CPU.Build.0 = Debug|Any CPU
		{67042993-B933-8235-F2A2-1576D02BD637}.Release|Any CPU.ActiveCfg = Release|Any CPU
		{67042993-B933-8235-F2A2-1576D02BD637}.Release|Any CPU.Build.0 = Release|Any CPU
		{5D95FC67-40C2-8A79-8BAB-0D8A09822AE7}.Debug|Any CPU.ActiveCfg = Debug|Any CPU
		{5D95FC67-40C2-8A79-8BAB-0D8A09822AE7}.Debug|Any CPU.Build.0 = Debug|Any CPU
		{5D95FC67-40C2-8A79-8BAB-0D8A09822AE7}.Release|Any CPU.ActiveCfg = Release|Any CPU
		{5D95FC67-40C2-8A79-8BAB-0D8A09822AE7}.Release|Any CPU.Build.0 = Release|Any CPU
		{C7D896E6-A50C-0411-4628-BAC9EFBD1824}.Debug|Any CPU.ActiveCfg = Debug|Any CPU
		{C7D896E6-A50C-0411-4628-BAC9EFBD1824}.Debug|Any CPU.Build.0 = Debug|Any CPU
		{C7D896E6-A50C-0411-4628-BAC9EFBD1824}.Release|Any CPU.ActiveCfg = Release|Any CPU
		{C7D896E6-A50C-0411-4628-BAC9EFBD1824}.Release|Any CPU.Build.0 = Release|Any CPU
		{40EB8547-5CC4-4790-2185-BE9B51D88BDB}.Debug|Any CPU.ActiveCfg = Debug|Any CPU
		{40EB8547-5CC4-4790-2185-BE9B51D88BDB}.Debug|Any CPU.Build.0 = Debug|Any CPU
		{40EB8547-5CC4-4790-2185-BE9B51D88BDB}.Release|Any CPU.ActiveCfg = Release|Any CPU
		{40EB8547-5CC4-4790-2185-BE9B51D88BDB}.Release|Any CPU.Build.0 = Release|Any CPU
		{26F7CE53-5A1E-B7C1-A9BA-F0FE9EBAA4AF}.Debug|Any CPU.ActiveCfg = Debug|Any CPU
		{26F7CE53-5A1E-B7C1-A9BA-F0FE9EBAA4AF}.Debug|Any CPU.Build.0 = Debug|Any CPU
		{26F7CE53-5A1E-B7C1-A9BA-F0FE9EBAA4AF}.Release|Any CPU.ActiveCfg = Release|Any CPU
		{26F7CE53-5A1E-B7C1-A9BA-F0FE9EBAA4AF}.Release|Any CPU.Build.0 = Release|Any CPU
		{4F6141FD-5E6A-5479-3F6E-BC7961452B56}.Debug|Any CPU.ActiveCfg = Debug|Any CPU
		{4F6141FD-5E6A-5479-3F6E-BC7961452B56}.Debug|Any CPU.Build.0 = Debug|Any CPU
		{4F6141FD-5E6A-5479-3F6E-BC7961452B56}.Release|Any CPU.ActiveCfg = Release|Any CPU
		{4F6141FD-5E6A-5479-3F6E-BC7961452B56}.Release|Any CPU.Build.0 = Release|Any CPU
		{07925AB9-8E7D-81FA-E639-FA1775D72637}.Debug|Any CPU.ActiveCfg = Debug|Any CPU
		{07925AB9-8E7D-81FA-E639-FA1775D72637}.Debug|Any CPU.Build.0 = Debug|Any CPU
		{07925AB9-8E7D-81FA-E639-FA1775D72637}.Release|Any CPU.ActiveCfg = Release|Any CPU
		{07925AB9-8E7D-81FA-E639-FA1775D72637}.Release|Any CPU.Build.0 = Release|Any CPU
		{57B5F65F-A2E9-C6A5-0184-265037FE237A}.Debug|Any CPU.ActiveCfg = Debug|Any CPU
		{57B5F65F-A2E9-C6A5-0184-265037FE237A}.Debug|Any CPU.Build.0 = Debug|Any CPU
		{57B5F65F-A2E9-C6A5-0184-265037FE237A}.Release|Any CPU.ActiveCfg = Release|Any CPU
		{57B5F65F-A2E9-C6A5-0184-265037FE237A}.Release|Any CPU.Build.0 = Release|Any CPU
		{39424218-7530-5902-6D3C-4442CA03B340}.Debug|Any CPU.ActiveCfg = Debug|Any CPU
		{39424218-7530-5902-6D3C-4442CA03B340}.Debug|Any CPU.Build.0 = Debug|Any CPU
		{39424218-7530-5902-6D3C-4442CA03B340}.Release|Any CPU.ActiveCfg = Release|Any CPU
		{39424218-7530-5902-6D3C-4442CA03B340}.Release|Any CPU.Build.0 = Release|Any CPU
		{9D5976CB-6F5A-DC4D-E12F-1C0305BC517F}.Debug|Any CPU.ActiveCfg = Debug|Any CPU
		{9D5976CB-6F5A-DC4D-E12F-1C0305BC517F}.Debug|Any CPU.Build.0 = Debug|Any CPU
		{9D5976CB-6F5A-DC4D-E12F-1C0305BC517F}.Release|Any CPU.ActiveCfg = Release|Any CPU
		{9D5976CB-6F5A-DC4D-E12F-1C0305BC517F}.Release|Any CPU.Build.0 = Release|Any CPU
		{1A6C99E6-8D22-2097-7253-F73F0C78204A}.Debug|Any CPU.ActiveCfg = Debug|Any CPU
		{1A6C99E6-8D22-2097-7253-F73F0C78204A}.Debug|Any CPU.Build.0 = Debug|Any CPU
		{1A6C99E6-8D22-2097-7253-F73F0C78204A}.Release|Any CPU.ActiveCfg = Release|Any CPU
		{1A6C99E6-8D22-2097-7253-F73F0C78204A}.Release|Any CPU.Build.0 = Release|Any CPU
	EndGlobalSection
	GlobalSection(SolutionProperties) = preSolution
		HideSolutionNode = FALSE
	EndGlobalSection
EndGlobal
